
Microsoft Visual Studio Solution File, Format Version 12.00
# Visual Studio Version 17
VisualStudioVersion = 17.0.31903.59
MinimumVisualStudioVersion = 10.0.40219.1
Project("{FAE04EC0-301F-11D3-BF4B-00C04F79EFBC}") = "Identity.Base", "Identity.Base\Identity.Base.csproj", "{BE055BB3-9A55-48A4-B6F4-AD142FC6398C}"
EndProject
Project("{FAE04EC0-301F-11D3-BF4B-00C04F79EFBC}") = "Identity.Base.Tests", "Identity.Base.Tests\Identity.Base.Tests.csproj", "{3F6E071C-8681-4888-BD79-4EA9FE0BABD5}"
EndProject
Project("{FAE04EC0-301F-11D3-BF4B-00C04F79EFBC}") = "Identity.Base.Host", "Identity.Base.Host\Identity.Base.Host.csproj", "{D856F68E-A22E-4038-ADE5-2B67AECE3D99}"
EndProject
Project("{FAE04EC0-301F-11D3-BF4B-00C04F79EFBC}") = "Identity.Base.Roles", "Identity.Base.Roles\Identity.Base.Roles.csproj", "{CF740BB2-B5C5-48A6-8EA1-1DE13E523E05}"
EndProject
Project("{FAE04EC0-301F-11D3-BF4B-00C04F79EFBC}") = "Identity.Base.Admin", "Identity.Base.Admin\Identity.Base.Admin.csproj", "{1F8068E1-9DED-423C-966F-0B62238C507D}"
EndProject
Project("{FAE04EC0-301F-11D3-BF4B-00C04F79EFBC}") = "Identity.Base.Organizations", "Identity.Base.Organizations\Identity.Base.Organizations.csproj", "{A97E48EE-70DA-45AA-9D52-4487BDB5C3C4}"
EndProject
Project("{FAE04EC0-301F-11D3-BF4B-00C04F79EFBC}") = "Identity.Base.Organizations.Tests", "Identity.Base.Organizations.Tests\Identity.Base.Organizations.Tests.csproj", "{785C7293-9B5B-459A-B09C-4F785AD5A3F4}"
EndProject
Project("{2150E333-8FDC-42A3-9474-1A3956D46DE8}") = "apps", "apps", "{1787FE1D-075E-9E68-7218-25F1BD1BBEAB}"
EndProject
Project("{2150E333-8FDC-42A3-9474-1A3956D46DE8}") = "org-sample-api", "org-sample-api", "{CAE0CA5D-8DFF-5957-80A0-D744E5B1FDD5}"
EndProject
Project("{FAE04EC0-301F-11D3-BF4B-00C04F79EFBC}") = "OrgSampleApi", "apps\org-sample-api\OrgSampleApi.csproj", "{0E36516B-BAC5-45DA-B385-27D8B52E5FB2}"
EndProject
Project("{FAE04EC0-301F-11D3-BF4B-00C04F79EFBC}") = "Samples.AppHost", "apps\Samples.AppHost\Samples.AppHost.csproj", "{2A2680B4-24E3-4FF3-A7DE-7FB48897169E}"
EndProject
Project("{FAE04EC0-301F-11D3-BF4B-00C04F79EFBC}") = "Identity.Base.AspNet", "Identity.Base.AspNet\Identity.Base.AspNet.csproj", "{85B5F28F-077D-3518-EC75-6E31CC0BA3FF}"
EndProject
Project("{FAE04EC0-301F-11D3-BF4B-00C04F79EFBC}") = "Identity.Base.Email.MailJet", "Identity.Base.Email.MailJet\Identity.Base.Email.MailJet.csproj", "{AE76DB1E-2999-4DF0-8EB2-684E76454B99}"
EndProject
Project("{FAE04EC0-301F-11D3-BF4B-00C04F79EFBC}") = "Identity.Base.Host.PostgreSqlMigrations", "Identity.Base.Host.PostgreSqlMigrations\Identity.Base.Host.PostgreSqlMigrations.csproj", "{0CA18A0C-6A5D-4795-AF94-36CBD42AA71B}"
EndProject
Project("{FAE04EC0-301F-11D3-BF4B-00C04F79EFBC}") = "Identity.Base.Host.SqlServerMigrations", "Identity.Base.Host.SqlServerMigrations\Identity.Base.Host.SqlServerMigrations.csproj", "{E6271AC3-F9A9-4981-A169-C65D93BE4198}"
EndProject
Project("{2150E333-8FDC-42A3-9474-1A3956D46DE8}") = "sample-api", "sample-api", "{BF1D4E12-C437-B3FE-D17D-2C74B6D626EF}"
EndProject
Project("{FAE04EC0-301F-11D3-BF4B-00C04F79EFBC}") = "SampleApi", "apps\sample-api\SampleApi.csproj", "{DA61A114-9CDD-40BC-B4C0-0792A0EF3A37}"
EndProject
Project("{FAE04EC0-301F-11D3-BF4B-00C04F79EFBC}") = "Identity.Base.Email.SendGrid", "Identity.Base.Email.SendGrid\Identity.Base.Email.SendGrid.csproj", "{CBA57B8A-B955-4E56-AB34-2388FB6DEC48}"
EndProject
Global
	GlobalSection(SolutionConfigurationPlatforms) = preSolution
		Debug|Any CPU = Debug|Any CPU
		Debug|x64 = Debug|x64
		Debug|x86 = Debug|x86
		Release|Any CPU = Release|Any CPU
		Release|x64 = Release|x64
		Release|x86 = Release|x86
	EndGlobalSection
	GlobalSection(ProjectConfigurationPlatforms) = postSolution
		{BE055BB3-9A55-48A4-B6F4-AD142FC6398C}.Debug|Any CPU.ActiveCfg = Debug|Any CPU
		{BE055BB3-9A55-48A4-B6F4-AD142FC6398C}.Debug|Any CPU.Build.0 = Debug|Any CPU
		{BE055BB3-9A55-48A4-B6F4-AD142FC6398C}.Debug|x64.ActiveCfg = Debug|Any CPU
		{BE055BB3-9A55-48A4-B6F4-AD142FC6398C}.Debug|x64.Build.0 = Debug|Any CPU
		{BE055BB3-9A55-48A4-B6F4-AD142FC6398C}.Debug|x86.ActiveCfg = Debug|Any CPU
		{BE055BB3-9A55-48A4-B6F4-AD142FC6398C}.Debug|x86.Build.0 = Debug|Any CPU
		{BE055BB3-9A55-48A4-B6F4-AD142FC6398C}.Release|Any CPU.ActiveCfg = Release|Any CPU
		{BE055BB3-9A55-48A4-B6F4-AD142FC6398C}.Release|Any CPU.Build.0 = Release|Any CPU
		{BE055BB3-9A55-48A4-B6F4-AD142FC6398C}.Release|x64.ActiveCfg = Release|Any CPU
		{BE055BB3-9A55-48A4-B6F4-AD142FC6398C}.Release|x64.Build.0 = Release|Any CPU
		{BE055BB3-9A55-48A4-B6F4-AD142FC6398C}.Release|x86.ActiveCfg = Release|Any CPU
		{BE055BB3-9A55-48A4-B6F4-AD142FC6398C}.Release|x86.Build.0 = Release|Any CPU
		{3F6E071C-8681-4888-BD79-4EA9FE0BABD5}.Debug|Any CPU.ActiveCfg = Debug|Any CPU
		{3F6E071C-8681-4888-BD79-4EA9FE0BABD5}.Debug|Any CPU.Build.0 = Debug|Any CPU
		{3F6E071C-8681-4888-BD79-4EA9FE0BABD5}.Debug|x64.ActiveCfg = Debug|Any CPU
		{3F6E071C-8681-4888-BD79-4EA9FE0BABD5}.Debug|x64.Build.0 = Debug|Any CPU
		{3F6E071C-8681-4888-BD79-4EA9FE0BABD5}.Debug|x86.ActiveCfg = Debug|Any CPU
		{3F6E071C-8681-4888-BD79-4EA9FE0BABD5}.Debug|x86.Build.0 = Debug|Any CPU
		{3F6E071C-8681-4888-BD79-4EA9FE0BABD5}.Release|Any CPU.ActiveCfg = Release|Any CPU
		{3F6E071C-8681-4888-BD79-4EA9FE0BABD5}.Release|Any CPU.Build.0 = Release|Any CPU
		{3F6E071C-8681-4888-BD79-4EA9FE0BABD5}.Release|x64.ActiveCfg = Release|Any CPU
		{3F6E071C-8681-4888-BD79-4EA9FE0BABD5}.Release|x64.Build.0 = Release|Any CPU
		{3F6E071C-8681-4888-BD79-4EA9FE0BABD5}.Release|x86.ActiveCfg = Release|Any CPU
		{3F6E071C-8681-4888-BD79-4EA9FE0BABD5}.Release|x86.Build.0 = Release|Any CPU
		{D856F68E-A22E-4038-ADE5-2B67AECE3D99}.Debug|Any CPU.ActiveCfg = Debug|Any CPU
		{D856F68E-A22E-4038-ADE5-2B67AECE3D99}.Debug|Any CPU.Build.0 = Debug|Any CPU
		{D856F68E-A22E-4038-ADE5-2B67AECE3D99}.Debug|x64.ActiveCfg = Debug|Any CPU
		{D856F68E-A22E-4038-ADE5-2B67AECE3D99}.Debug|x64.Build.0 = Debug|Any CPU
		{D856F68E-A22E-4038-ADE5-2B67AECE3D99}.Debug|x86.ActiveCfg = Debug|Any CPU
		{D856F68E-A22E-4038-ADE5-2B67AECE3D99}.Debug|x86.Build.0 = Debug|Any CPU
		{D856F68E-A22E-4038-ADE5-2B67AECE3D99}.Release|Any CPU.ActiveCfg = Release|Any CPU
		{D856F68E-A22E-4038-ADE5-2B67AECE3D99}.Release|Any CPU.Build.0 = Release|Any CPU
		{D856F68E-A22E-4038-ADE5-2B67AECE3D99}.Release|x64.ActiveCfg = Release|Any CPU
		{D856F68E-A22E-4038-ADE5-2B67AECE3D99}.Release|x64.Build.0 = Release|Any CPU
		{D856F68E-A22E-4038-ADE5-2B67AECE3D99}.Release|x86.ActiveCfg = Release|Any CPU
		{D856F68E-A22E-4038-ADE5-2B67AECE3D99}.Release|x86.Build.0 = Release|Any CPU
		{CF740BB2-B5C5-48A6-8EA1-1DE13E523E05}.Debug|Any CPU.ActiveCfg = Debug|Any CPU
		{CF740BB2-B5C5-48A6-8EA1-1DE13E523E05}.Debug|Any CPU.Build.0 = Debug|Any CPU
		{CF740BB2-B5C5-48A6-8EA1-1DE13E523E05}.Debug|x64.ActiveCfg = Debug|Any CPU
		{CF740BB2-B5C5-48A6-8EA1-1DE13E523E05}.Debug|x64.Build.0 = Debug|Any CPU
		{CF740BB2-B5C5-48A6-8EA1-1DE13E523E05}.Debug|x86.ActiveCfg = Debug|Any CPU
		{CF740BB2-B5C5-48A6-8EA1-1DE13E523E05}.Debug|x86.Build.0 = Debug|Any CPU
		{CF740BB2-B5C5-48A6-8EA1-1DE13E523E05}.Release|Any CPU.ActiveCfg = Release|Any CPU
		{CF740BB2-B5C5-48A6-8EA1-1DE13E523E05}.Release|Any CPU.Build.0 = Release|Any CPU
		{CF740BB2-B5C5-48A6-8EA1-1DE13E523E05}.Release|x64.ActiveCfg = Release|Any CPU
		{CF740BB2-B5C5-48A6-8EA1-1DE13E523E05}.Release|x64.Build.0 = Release|Any CPU
		{CF740BB2-B5C5-48A6-8EA1-1DE13E523E05}.Release|x86.ActiveCfg = Release|Any CPU
		{CF740BB2-B5C5-48A6-8EA1-1DE13E523E05}.Release|x86.Build.0 = Release|Any CPU
		{1F8068E1-9DED-423C-966F-0B62238C507D}.Debug|Any CPU.ActiveCfg = Debug|Any CPU
		{1F8068E1-9DED-423C-966F-0B62238C507D}.Debug|Any CPU.Build.0 = Debug|Any CPU
		{1F8068E1-9DED-423C-966F-0B62238C507D}.Debug|x64.ActiveCfg = Debug|Any CPU
		{1F8068E1-9DED-423C-966F-0B62238C507D}.Debug|x64.Build.0 = Debug|Any CPU
		{1F8068E1-9DED-423C-966F-0B62238C507D}.Debug|x86.ActiveCfg = Debug|Any CPU
		{1F8068E1-9DED-423C-966F-0B62238C507D}.Debug|x86.Build.0 = Debug|Any CPU
		{1F8068E1-9DED-423C-966F-0B62238C507D}.Release|Any CPU.ActiveCfg = Release|Any CPU
		{1F8068E1-9DED-423C-966F-0B62238C507D}.Release|Any CPU.Build.0 = Release|Any CPU
		{1F8068E1-9DED-423C-966F-0B62238C507D}.Release|x64.ActiveCfg = Release|Any CPU
		{1F8068E1-9DED-423C-966F-0B62238C507D}.Release|x64.Build.0 = Release|Any CPU
		{1F8068E1-9DED-423C-966F-0B62238C507D}.Release|x86.ActiveCfg = Release|Any CPU
		{1F8068E1-9DED-423C-966F-0B62238C507D}.Release|x86.Build.0 = Release|Any CPU
		{A97E48EE-70DA-45AA-9D52-4487BDB5C3C4}.Debug|Any CPU.ActiveCfg = Debug|Any CPU
		{A97E48EE-70DA-45AA-9D52-4487BDB5C3C4}.Debug|Any CPU.Build.0 = Debug|Any CPU
		{A97E48EE-70DA-45AA-9D52-4487BDB5C3C4}.Debug|x64.ActiveCfg = Debug|Any CPU
		{A97E48EE-70DA-45AA-9D52-4487BDB5C3C4}.Debug|x64.Build.0 = Debug|Any CPU
		{A97E48EE-70DA-45AA-9D52-4487BDB5C3C4}.Debug|x86.ActiveCfg = Debug|Any CPU
		{A97E48EE-70DA-45AA-9D52-4487BDB5C3C4}.Debug|x86.Build.0 = Debug|Any CPU
		{A97E48EE-70DA-45AA-9D52-4487BDB5C3C4}.Release|Any CPU.ActiveCfg = Release|Any CPU
		{A97E48EE-70DA-45AA-9D52-4487BDB5C3C4}.Release|Any CPU.Build.0 = Release|Any CPU
		{A97E48EE-70DA-45AA-9D52-4487BDB5C3C4}.Release|x64.ActiveCfg = Release|Any CPU
		{A97E48EE-70DA-45AA-9D52-4487BDB5C3C4}.Release|x64.Build.0 = Release|Any CPU
		{A97E48EE-70DA-45AA-9D52-4487BDB5C3C4}.Release|x86.ActiveCfg = Release|Any CPU
		{A97E48EE-70DA-45AA-9D52-4487BDB5C3C4}.Release|x86.Build.0 = Release|Any CPU
		{785C7293-9B5B-459A-B09C-4F785AD5A3F4}.Debug|Any CPU.ActiveCfg = Debug|Any CPU
		{785C7293-9B5B-459A-B09C-4F785AD5A3F4}.Debug|Any CPU.Build.0 = Debug|Any CPU
		{785C7293-9B5B-459A-B09C-4F785AD5A3F4}.Debug|x64.ActiveCfg = Debug|Any CPU
		{785C7293-9B5B-459A-B09C-4F785AD5A3F4}.Debug|x64.Build.0 = Debug|Any CPU
		{785C7293-9B5B-459A-B09C-4F785AD5A3F4}.Debug|x86.ActiveCfg = Debug|Any CPU
		{785C7293-9B5B-459A-B09C-4F785AD5A3F4}.Debug|x86.Build.0 = Debug|Any CPU
		{785C7293-9B5B-459A-B09C-4F785AD5A3F4}.Release|Any CPU.ActiveCfg = Release|Any CPU
		{785C7293-9B5B-459A-B09C-4F785AD5A3F4}.Release|Any CPU.Build.0 = Release|Any CPU
		{785C7293-9B5B-459A-B09C-4F785AD5A3F4}.Release|x64.ActiveCfg = Release|Any CPU
		{785C7293-9B5B-459A-B09C-4F785AD5A3F4}.Release|x64.Build.0 = Release|Any CPU
		{785C7293-9B5B-459A-B09C-4F785AD5A3F4}.Release|x86.ActiveCfg = Release|Any CPU
		{785C7293-9B5B-459A-B09C-4F785AD5A3F4}.Release|x86.Build.0 = Release|Any CPU
		{0E36516B-BAC5-45DA-B385-27D8B52E5FB2}.Debug|Any CPU.ActiveCfg = Debug|Any CPU
		{0E36516B-BAC5-45DA-B385-27D8B52E5FB2}.Debug|Any CPU.Build.0 = Debug|Any CPU
		{0E36516B-BAC5-45DA-B385-27D8B52E5FB2}.Debug|x64.ActiveCfg = Debug|Any CPU
		{0E36516B-BAC5-45DA-B385-27D8B52E5FB2}.Debug|x64.Build.0 = Debug|Any CPU
		{0E36516B-BAC5-45DA-B385-27D8B52E5FB2}.Debug|x86.ActiveCfg = Debug|Any CPU
		{0E36516B-BAC5-45DA-B385-27D8B52E5FB2}.Debug|x86.Build.0 = Debug|Any CPU
		{0E36516B-BAC5-45DA-B385-27D8B52E5FB2}.Release|Any CPU.ActiveCfg = Release|Any CPU
		{0E36516B-BAC5-45DA-B385-27D8B52E5FB2}.Release|Any CPU.Build.0 = Release|Any CPU
		{0E36516B-BAC5-45DA-B385-27D8B52E5FB2}.Release|x64.ActiveCfg = Release|Any CPU
		{0E36516B-BAC5-45DA-B385-27D8B52E5FB2}.Release|x64.Build.0 = Release|Any CPU
		{0E36516B-BAC5-45DA-B385-27D8B52E5FB2}.Release|x86.ActiveCfg = Release|Any CPU
		{0E36516B-BAC5-45DA-B385-27D8B52E5FB2}.Release|x86.Build.0 = Release|Any CPU
		{2A2680B4-24E3-4FF3-A7DE-7FB48897169E}.Debug|Any CPU.ActiveCfg = Debug|Any CPU
		{2A2680B4-24E3-4FF3-A7DE-7FB48897169E}.Debug|Any CPU.Build.0 = Debug|Any CPU
		{2A2680B4-24E3-4FF3-A7DE-7FB48897169E}.Debug|x64.ActiveCfg = Debug|Any CPU
		{2A2680B4-24E3-4FF3-A7DE-7FB48897169E}.Debug|x64.Build.0 = Debug|Any CPU
		{2A2680B4-24E3-4FF3-A7DE-7FB48897169E}.Debug|x86.ActiveCfg = Debug|Any CPU
		{2A2680B4-24E3-4FF3-A7DE-7FB48897169E}.Debug|x86.Build.0 = Debug|Any CPU
		{2A2680B4-24E3-4FF3-A7DE-7FB48897169E}.Release|Any CPU.ActiveCfg = Release|Any CPU
		{2A2680B4-24E3-4FF3-A7DE-7FB48897169E}.Release|Any CPU.Build.0 = Release|Any CPU
		{2A2680B4-24E3-4FF3-A7DE-7FB48897169E}.Release|x64.ActiveCfg = Release|Any CPU
		{2A2680B4-24E3-4FF3-A7DE-7FB48897169E}.Release|x64.Build.0 = Release|Any CPU
		{2A2680B4-24E3-4FF3-A7DE-7FB48897169E}.Release|x86.ActiveCfg = Release|Any CPU
		{2A2680B4-24E3-4FF3-A7DE-7FB48897169E}.Release|x86.Build.0 = Release|Any CPU
		{85B5F28F-077D-3518-EC75-6E31CC0BA3FF}.Debug|Any CPU.ActiveCfg = Debug|Any CPU
		{85B5F28F-077D-3518-EC75-6E31CC0BA3FF}.Debug|Any CPU.Build.0 = Debug|Any CPU
		{85B5F28F-077D-3518-EC75-6E31CC0BA3FF}.Debug|x64.ActiveCfg = Debug|Any CPU
		{85B5F28F-077D-3518-EC75-6E31CC0BA3FF}.Debug|x64.Build.0 = Debug|Any CPU
		{85B5F28F-077D-3518-EC75-6E31CC0BA3FF}.Debug|x86.ActiveCfg = Debug|Any CPU
		{85B5F28F-077D-3518-EC75-6E31CC0BA3FF}.Debug|x86.Build.0 = Debug|Any CPU
		{85B5F28F-077D-3518-EC75-6E31CC0BA3FF}.Release|Any CPU.ActiveCfg = Release|Any CPU
		{85B5F28F-077D-3518-EC75-6E31CC0BA3FF}.Release|Any CPU.Build.0 = Release|Any CPU
		{85B5F28F-077D-3518-EC75-6E31CC0BA3FF}.Release|x64.ActiveCfg = Release|Any CPU
		{85B5F28F-077D-3518-EC75-6E31CC0BA3FF}.Release|x64.Build.0 = Release|Any CPU
		{85B5F28F-077D-3518-EC75-6E31CC0BA3FF}.Release|x86.ActiveCfg = Release|Any CPU
		{85B5F28F-077D-3518-EC75-6E31CC0BA3FF}.Release|x86.Build.0 = Release|Any CPU
		{AE76DB1E-2999-4DF0-8EB2-684E76454B99}.Debug|Any CPU.ActiveCfg = Debug|Any CPU
		{AE76DB1E-2999-4DF0-8EB2-684E76454B99}.Debug|Any CPU.Build.0 = Debug|Any CPU
		{AE76DB1E-2999-4DF0-8EB2-684E76454B99}.Debug|x64.ActiveCfg = Debug|Any CPU
		{AE76DB1E-2999-4DF0-8EB2-684E76454B99}.Debug|x64.Build.0 = Debug|Any CPU
		{AE76DB1E-2999-4DF0-8EB2-684E76454B99}.Debug|x86.ActiveCfg = Debug|Any CPU
		{AE76DB1E-2999-4DF0-8EB2-684E76454B99}.Debug|x86.Build.0 = Debug|Any CPU
		{AE76DB1E-2999-4DF0-8EB2-684E76454B99}.Release|Any CPU.ActiveCfg = Release|Any CPU
		{AE76DB1E-2999-4DF0-8EB2-684E76454B99}.Release|Any CPU.Build.0 = Release|Any CPU
		{AE76DB1E-2999-4DF0-8EB2-684E76454B99}.Release|x64.ActiveCfg = Release|Any CPU
		{AE76DB1E-2999-4DF0-8EB2-684E76454B99}.Release|x64.Build.0 = Release|Any CPU
		{AE76DB1E-2999-4DF0-8EB2-684E76454B99}.Release|x86.ActiveCfg = Release|Any CPU
		{AE76DB1E-2999-4DF0-8EB2-684E76454B99}.Release|x86.Build.0 = Release|Any CPU
		{0CA18A0C-6A5D-4795-AF94-36CBD42AA71B}.Debug|Any CPU.ActiveCfg = Debug|Any CPU
		{0CA18A0C-6A5D-4795-AF94-36CBD42AA71B}.Debug|Any CPU.Build.0 = Debug|Any CPU
		{0CA18A0C-6A5D-4795-AF94-36CBD42AA71B}.Debug|x64.ActiveCfg = Debug|Any CPU
		{0CA18A0C-6A5D-4795-AF94-36CBD42AA71B}.Debug|x64.Build.0 = Debug|Any CPU
		{0CA18A0C-6A5D-4795-AF94-36CBD42AA71B}.Debug|x86.ActiveCfg = Debug|Any CPU
		{0CA18A0C-6A5D-4795-AF94-36CBD42AA71B}.Debug|x86.Build.0 = Debug|Any CPU
		{0CA18A0C-6A5D-4795-AF94-36CBD42AA71B}.Release|Any CPU.ActiveCfg = Release|Any CPU
		{0CA18A0C-6A5D-4795-AF94-36CBD42AA71B}.Release|Any CPU.Build.0 = Release|Any CPU
		{0CA18A0C-6A5D-4795-AF94-36CBD42AA71B}.Release|x64.ActiveCfg = Release|Any CPU
		{0CA18A0C-6A5D-4795-AF94-36CBD42AA71B}.Release|x64.Build.0 = Release|Any CPU
		{0CA18A0C-6A5D-4795-AF94-36CBD42AA71B}.Release|x86.ActiveCfg = Release|Any CPU
		{0CA18A0C-6A5D-4795-AF94-36CBD42AA71B}.Release|x86.Build.0 = Release|Any CPU
		{E6271AC3-F9A9-4981-A169-C65D93BE4198}.Debug|Any CPU.ActiveCfg = Debug|Any CPU
		{E6271AC3-F9A9-4981-A169-C65D93BE4198}.Debug|Any CPU.Build.0 = Debug|Any CPU
		{E6271AC3-F9A9-4981-A169-C65D93BE4198}.Debug|x64.ActiveCfg = Debug|Any CPU
		{E6271AC3-F9A9-4981-A169-C65D93BE4198}.Debug|x64.Build.0 = Debug|Any CPU
		{E6271AC3-F9A9-4981-A169-C65D93BE4198}.Debug|x86.ActiveCfg = Debug|Any CPU
		{E6271AC3-F9A9-4981-A169-C65D93BE4198}.Debug|x86.Build.0 = Debug|Any CPU
		{E6271AC3-F9A9-4981-A169-C65D93BE4198}.Release|Any CPU.ActiveCfg = Release|Any CPU
		{E6271AC3-F9A9-4981-A169-C65D93BE4198}.Release|Any CPU.Build.0 = Release|Any CPU
		{E6271AC3-F9A9-4981-A169-C65D93BE4198}.Release|x64.ActiveCfg = Release|Any CPU
		{E6271AC3-F9A9-4981-A169-C65D93BE4198}.Release|x64.Build.0 = Release|Any CPU
		{E6271AC3-F9A9-4981-A169-C65D93BE4198}.Release|x86.ActiveCfg = Release|Any CPU
		{E6271AC3-F9A9-4981-A169-C65D93BE4198}.Release|x86.Build.0 = Release|Any CPU
		{DA61A114-9CDD-40BC-B4C0-0792A0EF3A37}.Debug|Any CPU.ActiveCfg = Debug|Any CPU
		{DA61A114-9CDD-40BC-B4C0-0792A0EF3A37}.Debug|Any CPU.Build.0 = Debug|Any CPU
		{DA61A114-9CDD-40BC-B4C0-0792A0EF3A37}.Debug|x64.ActiveCfg = Debug|Any CPU
		{DA61A114-9CDD-40BC-B4C0-0792A0EF3A37}.Debug|x64.Build.0 = Debug|Any CPU
		{DA61A114-9CDD-40BC-B4C0-0792A0EF3A37}.Debug|x86.ActiveCfg = Debug|Any CPU
		{DA61A114-9CDD-40BC-B4C0-0792A0EF3A37}.Debug|x86.Build.0 = Debug|Any CPU
		{DA61A114-9CDD-40BC-B4C0-0792A0EF3A37}.Release|Any CPU.ActiveCfg = Release|Any CPU
		{DA61A114-9CDD-40BC-B4C0-0792A0EF3A37}.Release|Any CPU.Build.0 = Release|Any CPU
		{DA61A114-9CDD-40BC-B4C0-0792A0EF3A37}.Release|x64.ActiveCfg = Release|Any CPU
		{DA61A114-9CDD-40BC-B4C0-0792A0EF3A37}.Release|x64.Build.0 = Release|Any CPU
		{DA61A114-9CDD-40BC-B4C0-0792A0EF3A37}.Release|x86.ActiveCfg = Release|Any CPU
		{DA61A114-9CDD-40BC-B4C0-0792A0EF3A37}.Release|x86.Build.0 = Release|Any CPU
		{CBA57B8A-B955-4E56-AB34-2388FB6DEC48}.Debug|Any CPU.ActiveCfg = Debug|Any CPU
		{CBA57B8A-B955-4E56-AB34-2388FB6DEC48}.Debug|Any CPU.Build.0 = Debug|Any CPU
		{CBA57B8A-B955-4E56-AB34-2388FB6DEC48}.Debug|x64.ActiveCfg = Debug|Any CPU
		{CBA57B8A-B955-4E56-AB34-2388FB6DEC48}.Debug|x64.Build.0 = Debug|Any CPU
		{CBA57B8A-B955-4E56-AB34-2388FB6DEC48}.Debug|x86.ActiveCfg = Debug|Any CPU
		{CBA57B8A-B955-4E56-AB34-2388FB6DEC48}.Debug|x86.Build.0 = Debug|Any CPU
		{CBA57B8A-B955-4E56-AB34-2388FB6DEC48}.Release|Any CPU.ActiveCfg = Release|Any CPU
		{CBA57B8A-B955-4E56-AB34-2388FB6DEC48}.Release|Any CPU.Build.0 = Release|Any CPU
		{CBA57B8A-B955-4E56-AB34-2388FB6DEC48}.Release|x64.ActiveCfg = Release|Any CPU
		{CBA57B8A-B955-4E56-AB34-2388FB6DEC48}.Release|x64.Build.0 = Release|Any CPU
		{CBA57B8A-B955-4E56-AB34-2388FB6DEC48}.Release|x86.ActiveCfg = Release|Any CPU
		{CBA57B8A-B955-4E56-AB34-2388FB6DEC48}.Release|x86.Build.0 = Release|Any CPU
	EndGlobalSection
	GlobalSection(SolutionProperties) = preSolution
		HideSolutionNode = FALSE
	EndGlobalSection
	GlobalSection(NestedProjects) = preSolution
		{CAE0CA5D-8DFF-5957-80A0-D744E5B1FDD5} = {1787FE1D-075E-9E68-7218-25F1BD1BBEAB}
		{0E36516B-BAC5-45DA-B385-27D8B52E5FB2} = {CAE0CA5D-8DFF-5957-80A0-D744E5B1FDD5}
		{2A2680B4-24E3-4FF3-A7DE-7FB48897169E} = {1787FE1D-075E-9E68-7218-25F1BD1BBEAB}
		{BF1D4E12-C437-B3FE-D17D-2C74B6D626EF} = {1787FE1D-075E-9E68-7218-25F1BD1BBEAB}
		{DA61A114-9CDD-40BC-B4C0-0792A0EF3A37} = {BF1D4E12-C437-B3FE-D17D-2C74B6D626EF}
	EndGlobalSection
EndGlobal
