
Microsoft Visual Studio Solution File, Format Version 12.00
# Visual Studio Version 17
VisualStudioVersion = 17.0.31903.59
MinimumVisualStudioVersion = 10.0.40219.1
Project("{FAE04EC0-301F-11D3-BF4B-00C04F79EFBC}") = "Identity.Base", "Identity.Base\Identity.Base.csproj", "{BE055BB3-9A55-48A4-B6F4-AD142FC6398C}"
EndProject
Project("{FAE04EC0-301F-11D3-BF4B-00C04F79EFBC}") = "Identity.Base.Tests", "Identity.Base.Tests\Identity.Base.Tests.csproj", "{3F6E071C-8681-4888-BD79-4EA9FE0BABD5}"
EndProject
Project("{FAE04EC0-301F-11D3-BF4B-00C04F79EFBC}") = "Identity.Base.Host", "Identity.Base.Host\Identity.Base.Host.csproj", "{D856F68E-A22E-4038-ADE5-2B67AECE3D99}"
EndProject
Project("{FAE04EC0-301F-11D3-BF4B-00C04F79EFBC}") = "Identity.Base.Roles", "Identity.Base.Roles\Identity.Base.Roles.csproj", "{CF740BB2-B5C5-48A6-8EA1-1DE13E523E05}"
EndProject
Global
	GlobalSection(SolutionConfigurationPlatforms) = preSolution
		Debug|Any CPU = Debug|Any CPU
		Debug|x64 = Debug|x64
		Debug|x86 = Debug|x86
		Release|Any CPU = Release|Any CPU
		Release|x64 = Release|x64
		Release|x86 = Release|x86
	EndGlobalSection
	GlobalSection(ProjectConfigurationPlatforms) = postSolution
		{BE055BB3-9A55-48A4-B6F4-AD142FC6398C}.Debug|Any CPU.ActiveCfg = Debug|Any CPU
		{BE055BB3-9A55-48A4-B6F4-AD142FC6398C}.Debug|Any CPU.Build.0 = Debug|Any CPU
		{BE055BB3-9A55-48A4-B6F4-AD142FC6398C}.Debug|x64.ActiveCfg = Debug|Any CPU
		{BE055BB3-9A55-48A4-B6F4-AD142FC6398C}.Debug|x64.Build.0 = Debug|Any CPU
		{BE055BB3-9A55-48A4-B6F4-AD142FC6398C}.Debug|x86.ActiveCfg = Debug|Any CPU
		{BE055BB3-9A55-48A4-B6F4-AD142FC6398C}.Debug|x86.Build.0 = Debug|Any CPU
		{BE055BB3-9A55-48A4-B6F4-AD142FC6398C}.Release|Any CPU.ActiveCfg = Release|Any CPU
		{BE055BB3-9A55-48A4-B6F4-AD142FC6398C}.Release|Any CPU.Build.0 = Release|Any CPU
		{BE055BB3-9A55-48A4-B6F4-AD142FC6398C}.Release|x64.ActiveCfg = Release|Any CPU
		{BE055BB3-9A55-48A4-B6F4-AD142FC6398C}.Release|x64.Build.0 = Release|Any CPU
		{BE055BB3-9A55-48A4-B6F4-AD142FC6398C}.Release|x86.ActiveCfg = Release|Any CPU
		{BE055BB3-9A55-48A4-B6F4-AD142FC6398C}.Release|x86.Build.0 = Release|Any CPU
		{3F6E071C-8681-4888-BD79-4EA9FE0BABD5}.Debug|Any CPU.ActiveCfg = Debug|Any CPU
		{3F6E071C-8681-4888-BD79-4EA9FE0BABD5}.Debug|Any CPU.Build.0 = Debug|Any CPU
		{3F6E071C-8681-4888-BD79-4EA9FE0BABD5}.Debug|x64.ActiveCfg = Debug|Any CPU
		{3F6E071C-8681-4888-BD79-4EA9FE0BABD5}.Debug|x64.Build.0 = Debug|Any CPU
		{3F6E071C-8681-4888-BD79-4EA9FE0BABD5}.Debug|x86.ActiveCfg = Debug|Any CPU
		{3F6E071C-8681-4888-BD79-4EA9FE0BABD5}.Debug|x86.Build.0 = Debug|Any CPU
		{3F6E071C-8681-4888-BD79-4EA9FE0BABD5}.Release|Any CPU.ActiveCfg = Release|Any CPU
		{3F6E071C-8681-4888-BD79-4EA9FE0BABD5}.Release|Any CPU.Build.0 = Release|Any CPU
		{3F6E071C-8681-4888-BD79-4EA9FE0BABD5}.Release|x64.ActiveCfg = Release|Any CPU
		{3F6E071C-8681-4888-BD79-4EA9FE0BABD5}.Release|x64.Build.0 = Release|Any CPU
		{3F6E071C-8681-4888-BD79-4EA9FE0BABD5}.Release|x86.ActiveCfg = Release|Any CPU
		{3F6E071C-8681-4888-BD79-4EA9FE0BABD5}.Release|x86.Build.0 = Release|Any CPU
		{D856F68E-A22E-4038-ADE5-2B67AECE3D99}.Debug|Any CPU.ActiveCfg = Debug|Any CPU
		{D856F68E-A22E-4038-ADE5-2B67AECE3D99}.Debug|Any CPU.Build.0 = Debug|Any CPU
		{D856F68E-A22E-4038-ADE5-2B67AECE3D99}.Debug|x64.ActiveCfg = Debug|Any CPU
		{D856F68E-A22E-4038-ADE5-2B67AECE3D99}.Debug|x64.Build.0 = Debug|Any CPU
		{D856F68E-A22E-4038-ADE5-2B67AECE3D99}.Debug|x86.ActiveCfg = Debug|Any CPU
		{D856F68E-A22E-4038-ADE5-2B67AECE3D99}.Debug|x86.Build.0 = Debug|Any CPU
		{D856F68E-A22E-4038-ADE5-2B67AECE3D99}.Release|Any CPU.ActiveCfg = Release|Any CPU
		{D856F68E-A22E-4038-ADE5-2B67AECE3D99}.Release|Any CPU.Build.0 = Release|Any CPU
		{D856F68E-A22E-4038-ADE5-2B67AECE3D99}.Release|x64.ActiveCfg = Release|Any CPU
		{D856F68E-A22E-4038-ADE5-2B67AECE3D99}.Release|x64.Build.0 = Release|Any CPU
		{D856F68E-A22E-4038-ADE5-2B67AECE3D99}.Release|x86.ActiveCfg = Release|Any CPU
		{D856F68E-A22E-4038-ADE5-2B67AECE3D99}.Release|x86.Build.0 = Release|Any CPU
		{CF740BB2-B5C5-48A6-8EA1-1DE13E523E05}.Debug|Any CPU.ActiveCfg = Debug|Any CPU
		{CF740BB2-B5C5-48A6-8EA1-1DE13E523E05}.Debug|Any CPU.Build.0 = Debug|Any CPU
		{CF740BB2-B5C5-48A6-8EA1-1DE13E523E05}.Debug|x64.ActiveCfg = Debug|Any CPU
		{CF740BB2-B5C5-48A6-8EA1-1DE13E523E05}.Debug|x64.Build.0 = Debug|Any CPU
		{CF740BB2-B5C5-48A6-8EA1-1DE13E523E05}.Debug|x86.ActiveCfg = Debug|Any CPU
		{CF740BB2-B5C5-48A6-8EA1-1DE13E523E05}.Debug|x86.Build.0 = Debug|Any CPU
		{CF740BB2-B5C5-48A6-8EA1-1DE13E523E05}.Release|Any CPU.ActiveCfg = Release|Any CPU
		{CF740BB2-B5C5-48A6-8EA1-1DE13E523E05}.Release|Any CPU.Build.0 = Release|Any CPU
		{CF740BB2-B5C5-48A6-8EA1-1DE13E523E05}.Release|x64.ActiveCfg = Release|Any CPU
		{CF740BB2-B5C5-48A6-8EA1-1DE13E523E05}.Release|x64.Build.0 = Release|Any CPU
		{CF740BB2-B5C5-48A6-8EA1-1DE13E523E05}.Release|x86.ActiveCfg = Release|Any CPU
		{CF740BB2-B5C5-48A6-8EA1-1DE13E523E05}.Release|x86.Build.0 = Release|Any CPU
	EndGlobalSection
	GlobalSection(SolutionProperties) = preSolution
		HideSolutionNode = FALSE
	EndGlobalSection
EndGlobal
